
Microsoft Visual Studio Solution File, Format Version 12.00
# Visual Studio Version 17
VisualStudioVersion = 17.10.35122.118
MinimumVisualStudioVersion = 10.0.40219.1
Project("{FAE04EC0-301F-11D3-BF4B-00C04F79EFBC}") = "ModInspector for Legacy Launcher", "ModInspector for Legacy Launcher.csproj", "{CEF427BE-A45E-4FB7-82CA-DB936DE36852}"
EndProject
Global
	GlobalSection(SolutionConfigurationPlatforms) = preSolution
		Debug|Any CPU = Debug|Any CPU
		Release|Any CPU = Release|Any CPU
	EndGlobalSection
	GlobalSection(ProjectConfigurationPlatforms) = postSolution
		{CEF427BE-A45E-4FB7-82CA-DB936DE36852}.Debug|Any CPU.ActiveCfg = Debug|Any CPU
		{CEF427BE-A45E-4FB7-82CA-DB936DE36852}.Debug|Any CPU.Build.0 = Debug|Any CPU
		{CEF427BE-A45E-4FB7-82CA-DB936DE36852}.Release|Any CPU.ActiveCfg = Release|Any CPU
		{CEF427BE-A45E-4FB7-82CA-DB936DE36852}.Release|Any CPU.Build.0 = Release|Any CPU
	EndGlobalSection
	GlobalSection(SolutionProperties) = preSolution
		HideSolutionNode = FALSE
	EndGlobalSection
	GlobalSection(ExtensibilityGlobals) = postSolution
		SolutionGuid = {F86AB744-2F2E-446F-84FE-7AA278D28573}
	EndGlobalSection
EndGlobal
